// !$*UTF8*$!
{
	archiveVersion = 1;
	classes = {
	};
	objectVersion = 51;
	objects = {

/* Begin PBXBuildFile section */
		BA07C05B510C906505885AF7 /* Pods_Bernina_Sew.framework in Frameworks */ = {isa = PBXBuildFile; fileRef = E19F656D6F84E3B74881F654 /* Pods_Bernina_Sew.framework */; };
		D42278AC2716BC740077C09D /* AddressCollectionCell.swift in Sources */ = {isa = PBXBuildFile; fileRef = D42278AB2716BC740077C09D /* AddressCollectionCell.swift */; };
		D42278AF27172F590077C09D /* OrderModel.swift in Sources */ = {isa = PBXBuildFile; fileRef = D42278AE27172F590077C09D /* OrderModel.swift */; };
		D42278B12717F4320077C09D /* OrdersViewController.swift in Sources */ = {isa = PBXBuildFile; fileRef = D42278B02717F4320077C09D /* OrdersViewController.swift */; };
		D432E72D26EE05EA00B9A82B /* PatternsViewController.swift in Sources */ = {isa = PBXBuildFile; fileRef = D432E72C26EE05EA00B9A82B /* PatternsViewController.swift */; };
		D432E72F26EE060900B9A82B /* PatternsListViewController.swift in Sources */ = {isa = PBXBuildFile; fileRef = D432E72E26EE060900B9A82B /* PatternsListViewController.swift */; };
		D432E73226EE064100B9A82B /* PatternTableViewCell.swift in Sources */ = {isa = PBXBuildFile; fileRef = D432E73126EE064100B9A82B /* PatternTableViewCell.swift */; };
		D432E73926EE2B3200B9A82B /* BlogModel.swift.swift in Sources */ = {isa = PBXBuildFile; fileRef = D432E73826EE2B3200B9A82B /* BlogModel.swift.swift */; };
		D432E73B26EE5BB900B9A82B /* BlogCell.swift in Sources */ = {isa = PBXBuildFile; fileRef = D432E73A26EE5BB900B9A82B /* BlogCell.swift */; };
		D432E73E26EEF0F900B9A82B /* AddPostViewController.swift in Sources */ = {isa = PBXBuildFile; fileRef = D432E73D26EEF0F900B9A82B /* AddPostViewController.swift */; };
		D43C3BF22635C35200E53768 /* LoginViewController.swift in Sources */ = {isa = PBXBuildFile; fileRef = D43C3BF12635C35200E53768 /* LoginViewController.swift */; };
		D43C3BF52635C86B00E53768 /* ShopViewController.swift in Sources */ = {isa = PBXBuildFile; fileRef = D43C3BF42635C86B00E53768 /* ShopViewController.swift */; };
		D43C3BF82635C88500E53768 /* ClubViewController.swift in Sources */ = {isa = PBXBuildFile; fileRef = D43C3BF72635C88500E53768 /* ClubViewController.swift */; };
		D43C3BFB2635C89100E53768 /* BlogViewController.swift in Sources */ = {isa = PBXBuildFile; fileRef = D43C3BFA2635C89100E53768 /* BlogViewController.swift */; };
		D43C3BFE2635C89C00E53768 /* DesignViewController.swift in Sources */ = {isa = PBXBuildFile; fileRef = D43C3BFD2635C89C00E53768 /* DesignViewController.swift */; };
		D451ECFA264CDA6C00A17A67 /* ProfileViewController.swift in Sources */ = {isa = PBXBuildFile; fileRef = D451ECF9264CDA6C00A17A67 /* ProfileViewController.swift */; };
		D451ED0F264F8BAD00A17A67 /* EventTableViewCell.swift in Sources */ = {isa = PBXBuildFile; fileRef = D451ED0D264F8BAD00A17A67 /* EventTableViewCell.swift */; };
		D451ED10264F8BAD00A17A67 /* EventTableViewCell.xib in Resources */ = {isa = PBXBuildFile; fileRef = D451ED0E264F8BAD00A17A67 /* EventTableViewCell.xib */; };
		D451ED12264F8C3A00A17A67 /* Event.swift in Sources */ = {isa = PBXBuildFile; fileRef = D451ED11264F8C3A00A17A67 /* Event.swift */; };
		D468439C269D72610026E468 /* GoogleService-Info.plist in Resources */ = {isa = PBXBuildFile; fileRef = D468439B269D72610026E468 /* GoogleService-Info.plist */; };
		D468439E269D757A0026E468 /* eventJSON.json in Resources */ = {isa = PBXBuildFile; fileRef = D468439D269D757A0026E468 /* eventJSON.json */; };
		D46843A0269D90750026E468 /* patternJSON.json in Resources */ = {isa = PBXBuildFile; fileRef = D468439F269D90750026E468 /* patternJSON.json */; };
		D46843A2269D92BB0026E468 /* Pattern.swift in Sources */ = {isa = PBXBuildFile; fileRef = D46843A1269D92BB0026E468 /* Pattern.swift */; };
		D46843A8269E83CE0026E468 /* ImagePicker.swift in Sources */ = {isa = PBXBuildFile; fileRef = D46843A7269E83CE0026E468 /* ImagePicker.swift */; };
		D46843AA269E8D210026E468 /* AccountViewController.swift in Sources */ = {isa = PBXBuildFile; fileRef = D46843A9269E8D210026E468 /* AccountViewController.swift */; };
		D46843AC269EAA880026E468 /* ChangePhotoViewController.swift in Sources */ = {isa = PBXBuildFile; fileRef = D46843AB269EAA880026E468 /* ChangePhotoViewController.swift */; };
		D46843AE269EADB60026E468 /* ChangeUsernameViewController.swift in Sources */ = {isa = PBXBuildFile; fileRef = D46843AD269EADB60026E468 /* ChangeUsernameViewController.swift */; };
		D46843B0269EC5800026E468 /* CBToast.swift in Sources */ = {isa = PBXBuildFile; fileRef = D46843AF269EC5800026E468 /* CBToast.swift */; };
		D46843B3269ED3670026E468 /* EventListViewController.swift in Sources */ = {isa = PBXBuildFile; fileRef = D46843B2269ED3670026E468 /* EventListViewController.swift */; };
		D46843B6269EEB8B0026E468 /* EventListCell.swift in Sources */ = {isa = PBXBuildFile; fileRef = D46843B5269EEB8B0026E468 /* EventListCell.swift */; };
		D46843B826A0162D0026E468 /* CollectionCell.swift in Sources */ = {isa = PBXBuildFile; fileRef = D46843B726A0162D0026E468 /* CollectionCell.swift */; };
		D46843BA26A02F270026E468 /* Assets.xcassets in Resources */ = {isa = PBXBuildFile; fileRef = D46843B926A02F270026E468 /* Assets.xcassets */; };
		D47B710A263A752200B0B660 /* SignUpViewController.swift in Sources */ = {isa = PBXBuildFile; fileRef = D47B7109263A752200B0B660 /* SignUpViewController.swift */; };
		D49A798B268995BE009F62BD /* TabViewController.swift in Sources */ = {isa = PBXBuildFile; fileRef = D49A798A268995BE009F62BD /* TabViewController.swift */; };
		D49A798D268995FF009F62BD /* K.swift in Sources */ = {isa = PBXBuildFile; fileRef = D49A798C268995FF009F62BD /* K.swift */; };
		D49A798F2689AA7C009F62BD /* ProductListViewController.swift in Sources */ = {isa = PBXBuildFile; fileRef = D49A798E2689AA7C009F62BD /* ProductListViewController.swift */; };
		D49A79912689AA96009F62BD /* ProductInfoViewController.swift in Sources */ = {isa = PBXBuildFile; fileRef = D49A79902689AA96009F62BD /* ProductInfoViewController.swift */; };
		D49A79932689AE47009F62BD /* EventViewController.swift in Sources */ = {isa = PBXBuildFile; fileRef = D49A79922689AE47009F62BD /* EventViewController.swift */; };
		D49A79952689B024009F62BD /* Product.swift in Sources */ = {isa = PBXBuildFile; fileRef = D49A79942689B024009F62BD /* Product.swift */; };
		D4A3FAEA26B2AF0500DC11C4 /* ProductTableViewCell.swift in Sources */ = {isa = PBXBuildFile; fileRef = D4A3FAE926B2AF0500DC11C4 /* ProductTableViewCell.swift */; };
		D4C110B327036852009C5D68 /* SelectProductViewController.swift in Sources */ = {isa = PBXBuildFile; fileRef = D4C110B227036852009C5D68 /* SelectProductViewController.swift */; };
		D4C110B527040EC7009C5D68 /* DesignsViewController.swift in Sources */ = {isa = PBXBuildFile; fileRef = D4C110B427040EC7009C5D68 /* DesignsViewController.swift */; };
		D4C110B727040EDD009C5D68 /* SettingsViewController.swift in Sources */ = {isa = PBXBuildFile; fileRef = D4C110B627040EDD009C5D68 /* SettingsViewController.swift */; };
		D4C110B927040EF5009C5D68 /* MyBookingsViewController.swift in Sources */ = {isa = PBXBuildFile; fileRef = D4C110B827040EF5009C5D68 /* MyBookingsViewController.swift */; };
		D4C110BB270410A2009C5D68 /* AddressViewController.swift in Sources */ = {isa = PBXBuildFile; fileRef = D4C110BA270410A2009C5D68 /* AddressViewController.swift */; };
		D4C110BD27041C43009C5D68 /* AboutViewController.swift in Sources */ = {isa = PBXBuildFile; fileRef = D4C110BC27041C43009C5D68 /* AboutViewController.swift */; };
		D4C110C027056B45009C5D68 /* CartViewController.swift in Sources */ = {isa = PBXBuildFile; fileRef = D4C110BF27056B45009C5D68 /* CartViewController.swift */; };
		D4C110C3270580CD009C5D68 /* CartCell.swift in Sources */ = {isa = PBXBuildFile; fileRef = D4C110C2270580CD009C5D68 /* CartCell.swift */; };
		D4C110C5270598D9009C5D68 /* CheckoutViewController.swift in Sources */ = {isa = PBXBuildFile; fileRef = D4C110C4270598D9009C5D68 /* CheckoutViewController.swift */; };
		D4C110C72705A6AC009C5D68 /* MyFavorietesViewController.swift in Sources */ = {isa = PBXBuildFile; fileRef = D4C110C62705A6AC009C5D68 /* MyFavorietesViewController.swift */; };
		D4C110C92705A881009C5D68 /* FavCell.swift in Sources */ = {isa = PBXBuildFile; fileRef = D4C110C82705A881009C5D68 /* FavCell.swift */; };
		D4C5353F27114731005FBA7A /* AddAddressViewController.swift in Sources */ = {isa = PBXBuildFile; fileRef = D4C5353E27114731005FBA7A /* AddAddressViewController.swift */; };
		D4C535422711809A005FBA7A /* AddressModel.swift in Sources */ = {isa = PBXBuildFile; fileRef = D4C535412711809A005FBA7A /* AddressModel.swift */; };
		D4C53544271193AF005FBA7A /* AddressCell.swift in Sources */ = {isa = PBXBuildFile; fileRef = D4C53543271193AF005FBA7A /* AddressCell.swift */; };
		D4D13BA9269D3A8B00BA2181 /* featuredProductJSON.json in Resources */ = {isa = PBXBuildFile; fileRef = D4D13BA8269D3A8B00BA2181 /* featuredProductJSON.json */; };
		D4D13BAB269D5F1300BA2181 /* Tools.swift in Sources */ = {isa = PBXBuildFile; fileRef = D4D13BAA269D5F1300BA2181 /* Tools.swift */; };
		D4DCBDA927156BC6004CFA57 /* PaymentCell.swift in Sources */ = {isa = PBXBuildFile; fileRef = D4DCBDA827156BC6004CFA57 /* PaymentCell.swift */; };
		D4E801BF2624876D001C3CB0 /* AppDelegate.swift in Sources */ = {isa = PBXBuildFile; fileRef = D4E801BE2624876D001C3CB0 /* AppDelegate.swift */; };
		D4E801C12624876D001C3CB0 /* SceneDelegate.swift in Sources */ = {isa = PBXBuildFile; fileRef = D4E801C02624876D001C3CB0 /* SceneDelegate.swift */; };
		D4E801C32624876D001C3CB0 /* HomeViewController.swift in Sources */ = {isa = PBXBuildFile; fileRef = D4E801C22624876D001C3CB0 /* HomeViewController.swift */; };
		D4E801C62624876D001C3CB0 /* Main.storyboard in Resources */ = {isa = PBXBuildFile; fileRef = D4E801C42624876D001C3CB0 /* Main.storyboard */; };
		D4E801CB2624876E001C3CB0 /* LaunchScreen.storyboard in Resources */ = {isa = PBXBuildFile; fileRef = D4E801C92624876E001C3CB0 /* LaunchScreen.storyboard */; };
/* End PBXBuildFile section */

/* Begin PBXFileReference section */
		D42278AB2716BC740077C09D /* AddressCollectionCell.swift */ = {isa = PBXFileReference; lastKnownFileType = sourcecode.swift; path = AddressCollectionCell.swift; sourceTree = "<group>"; };
		D42278AE27172F590077C09D /* OrderModel.swift */ = {isa = PBXFileReference; lastKnownFileType = sourcecode.swift; path = OrderModel.swift; sourceTree = "<group>"; };
		D42278B02717F4320077C09D /* OrdersViewController.swift */ = {isa = PBXFileReference; lastKnownFileType = sourcecode.swift; path = OrdersViewController.swift; sourceTree = "<group>"; };
		D432E72C26EE05EA00B9A82B /* PatternsViewController.swift */ = {isa = PBXFileReference; lastKnownFileType = sourcecode.swift; path = PatternsViewController.swift; sourceTree = "<group>"; };
		D432E72E26EE060900B9A82B /* PatternsListViewController.swift */ = {isa = PBXFileReference; lastKnownFileType = sourcecode.swift; path = PatternsListViewController.swift; sourceTree = "<group>"; };
		D432E73126EE064100B9A82B /* PatternTableViewCell.swift */ = {isa = PBXFileReference; lastKnownFileType = sourcecode.swift; path = PatternTableViewCell.swift; sourceTree = "<group>"; };
		D432E73826EE2B3200B9A82B /* BlogModel.swift.swift */ = {isa = PBXFileReference; lastKnownFileType = sourcecode.swift; path = BlogModel.swift.swift; sourceTree = "<group>"; };
		D432E73A26EE5BB900B9A82B /* BlogCell.swift */ = {isa = PBXFileReference; lastKnownFileType = sourcecode.swift; path = BlogCell.swift; sourceTree = "<group>"; };
		D432E73D26EEF0F900B9A82B /* AddPostViewController.swift */ = {isa = PBXFileReference; lastKnownFileType = sourcecode.swift; path = AddPostViewController.swift; sourceTree = "<group>"; };
		D43C3BF12635C35200E53768 /* LoginViewController.swift */ = {isa = PBXFileReference; lastKnownFileType = sourcecode.swift; path = LoginViewController.swift; sourceTree = "<group>"; };
		D43C3BF42635C86B00E53768 /* ShopViewController.swift */ = {isa = PBXFileReference; lastKnownFileType = sourcecode.swift; path = ShopViewController.swift; sourceTree = "<group>"; };
		D43C3BF72635C88500E53768 /* ClubViewController.swift */ = {isa = PBXFileReference; lastKnownFileType = sourcecode.swift; path = ClubViewController.swift; sourceTree = "<group>"; };
		D43C3BFA2635C89100E53768 /* BlogViewController.swift */ = {isa = PBXFileReference; lastKnownFileType = sourcecode.swift; path = BlogViewController.swift; sourceTree = "<group>"; };
		D43C3BFD2635C89C00E53768 /* DesignViewController.swift */ = {isa = PBXFileReference; lastKnownFileType = sourcecode.swift; path = DesignViewController.swift; sourceTree = "<group>"; };
		D451ECF9264CDA6C00A17A67 /* ProfileViewController.swift */ = {isa = PBXFileReference; lastKnownFileType = sourcecode.swift; path = ProfileViewController.swift; sourceTree = "<group>"; };
		D451ED0D264F8BAD00A17A67 /* EventTableViewCell.swift */ = {isa = PBXFileReference; lastKnownFileType = sourcecode.swift; path = EventTableViewCell.swift; sourceTree = "<group>"; };
		D451ED0E264F8BAD00A17A67 /* EventTableViewCell.xib */ = {isa = PBXFileReference; lastKnownFileType = file.xib; path = EventTableViewCell.xib; sourceTree = "<group>"; };
		D451ED11264F8C3A00A17A67 /* Event.swift */ = {isa = PBXFileReference; lastKnownFileType = sourcecode.swift; path = Event.swift; sourceTree = "<group>"; };
		D468439B269D72610026E468 /* GoogleService-Info.plist */ = {isa = PBXFileReference; fileEncoding = 4; lastKnownFileType = text.plist.xml; name = "GoogleService-Info.plist"; path = "../../iOS/GoogleService-Info.plist"; sourceTree = "<group>"; };
		D468439D269D757A0026E468 /* eventJSON.json */ = {isa = PBXFileReference; lastKnownFileType = text.json; path = eventJSON.json; sourceTree = "<group>"; xcLanguageSpecificationIdentifier = xcode.lang.json; };
		D468439F269D90750026E468 /* patternJSON.json */ = {isa = PBXFileReference; lastKnownFileType = text.json; path = patternJSON.json; sourceTree = "<group>"; };
		D46843A1269D92BB0026E468 /* Pattern.swift */ = {isa = PBXFileReference; lastKnownFileType = sourcecode.swift; path = Pattern.swift; sourceTree = "<group>"; };
		D46843A7269E83CE0026E468 /* ImagePicker.swift */ = {isa = PBXFileReference; lastKnownFileType = sourcecode.swift; path = ImagePicker.swift; sourceTree = "<group>"; };
		D46843A9269E8D210026E468 /* AccountViewController.swift */ = {isa = PBXFileReference; lastKnownFileType = sourcecode.swift; path = AccountViewController.swift; sourceTree = "<group>"; };
		D46843AB269EAA880026E468 /* ChangePhotoViewController.swift */ = {isa = PBXFileReference; lastKnownFileType = sourcecode.swift; path = ChangePhotoViewController.swift; sourceTree = "<group>"; };
		D46843AD269EADB60026E468 /* ChangeUsernameViewController.swift */ = {isa = PBXFileReference; lastKnownFileType = sourcecode.swift; path = ChangeUsernameViewController.swift; sourceTree = "<group>"; };
		D46843AF269EC5800026E468 /* CBToast.swift */ = {isa = PBXFileReference; lastKnownFileType = sourcecode.swift; path = CBToast.swift; sourceTree = "<group>"; };
		D46843B1269ED1410026E468 /* GoogleService-Info.plist */ = {isa = PBXFileReference; lastKnownFileType = text.plist.xml; name = "GoogleService-Info.plist"; path = "../../../iOS/GoogleService-Info.plist"; sourceTree = "<group>"; };
		D46843B2269ED3670026E468 /* EventListViewController.swift */ = {isa = PBXFileReference; lastKnownFileType = sourcecode.swift; path = EventListViewController.swift; sourceTree = "<group>"; };
		D46843B5269EEB8B0026E468 /* EventListCell.swift */ = {isa = PBXFileReference; lastKnownFileType = sourcecode.swift; path = EventListCell.swift; sourceTree = "<group>"; };
		D46843B726A0162D0026E468 /* CollectionCell.swift */ = {isa = PBXFileReference; lastKnownFileType = sourcecode.swift; path = CollectionCell.swift; sourceTree = "<group>"; };
		D46843B926A02F270026E468 /* Assets.xcassets */ = {isa = PBXFileReference; lastKnownFileType = folder.assetcatalog; path = Assets.xcassets; sourceTree = "<group>"; };
		D47B7109263A752200B0B660 /* SignUpViewController.swift */ = {isa = PBXFileReference; lastKnownFileType = sourcecode.swift; path = SignUpViewController.swift; sourceTree = "<group>"; };
		D49A798A268995BE009F62BD /* TabViewController.swift */ = {isa = PBXFileReference; lastKnownFileType = sourcecode.swift; path = TabViewController.swift; sourceTree = "<group>"; };
		D49A798C268995FF009F62BD /* K.swift */ = {isa = PBXFileReference; lastKnownFileType = sourcecode.swift; path = K.swift; sourceTree = "<group>"; };
		D49A798E2689AA7C009F62BD /* ProductListViewController.swift */ = {isa = PBXFileReference; lastKnownFileType = sourcecode.swift; path = ProductListViewController.swift; sourceTree = "<group>"; };
		D49A79902689AA96009F62BD /* ProductInfoViewController.swift */ = {isa = PBXFileReference; lastKnownFileType = sourcecode.swift; path = ProductInfoViewController.swift; sourceTree = "<group>"; };
		D49A79922689AE47009F62BD /* EventViewController.swift */ = {isa = PBXFileReference; lastKnownFileType = sourcecode.swift; path = EventViewController.swift; sourceTree = "<group>"; };
		D49A79942689B024009F62BD /* Product.swift */ = {isa = PBXFileReference; lastKnownFileType = sourcecode.swift; path = Product.swift; sourceTree = "<group>"; };
		D4A3FAE926B2AF0500DC11C4 /* ProductTableViewCell.swift */ = {isa = PBXFileReference; lastKnownFileType = sourcecode.swift; path = ProductTableViewCell.swift; sourceTree = "<group>"; };
		D4C110B227036852009C5D68 /* SelectProductViewController.swift */ = {isa = PBXFileReference; lastKnownFileType = sourcecode.swift; path = SelectProductViewController.swift; sourceTree = "<group>"; };
		D4C110B427040EC7009C5D68 /* DesignsViewController.swift */ = {isa = PBXFileReference; lastKnownFileType = sourcecode.swift; path = DesignsViewController.swift; sourceTree = "<group>"; };
		D4C110B627040EDD009C5D68 /* SettingsViewController.swift */ = {isa = PBXFileReference; lastKnownFileType = sourcecode.swift; path = SettingsViewController.swift; sourceTree = "<group>"; };
		D4C110B827040EF5009C5D68 /* MyBookingsViewController.swift */ = {isa = PBXFileReference; lastKnownFileType = sourcecode.swift; path = MyBookingsViewController.swift; sourceTree = "<group>"; };
		D4C110BA270410A2009C5D68 /* AddressViewController.swift */ = {isa = PBXFileReference; lastKnownFileType = sourcecode.swift; path = AddressViewController.swift; sourceTree = "<group>"; };
		D4C110BC27041C43009C5D68 /* AboutViewController.swift */ = {isa = PBXFileReference; lastKnownFileType = sourcecode.swift; path = AboutViewController.swift; sourceTree = "<group>"; };
		D4C110BF27056B45009C5D68 /* CartViewController.swift */ = {isa = PBXFileReference; lastKnownFileType = sourcecode.swift; path = CartViewController.swift; sourceTree = "<group>"; };
		D4C110C2270580CD009C5D68 /* CartCell.swift */ = {isa = PBXFileReference; lastKnownFileType = sourcecode.swift; path = CartCell.swift; sourceTree = "<group>"; };
		D4C110C4270598D9009C5D68 /* CheckoutViewController.swift */ = {isa = PBXFileReference; lastKnownFileType = sourcecode.swift; path = CheckoutViewController.swift; sourceTree = "<group>"; };
		D4C110C62705A6AC009C5D68 /* MyFavorietesViewController.swift */ = {isa = PBXFileReference; lastKnownFileType = sourcecode.swift; path = MyFavorietesViewController.swift; sourceTree = "<group>"; };
		D4C110C82705A881009C5D68 /* FavCell.swift */ = {isa = PBXFileReference; lastKnownFileType = sourcecode.swift; path = FavCell.swift; sourceTree = "<group>"; };
		D4C5353E27114731005FBA7A /* AddAddressViewController.swift */ = {isa = PBXFileReference; lastKnownFileType = sourcecode.swift; path = AddAddressViewController.swift; sourceTree = "<group>"; };
		D4C535412711809A005FBA7A /* AddressModel.swift */ = {isa = PBXFileReference; lastKnownFileType = sourcecode.swift; path = AddressModel.swift; sourceTree = "<group>"; };
		D4C53543271193AF005FBA7A /* AddressCell.swift */ = {isa = PBXFileReference; lastKnownFileType = sourcecode.swift; path = AddressCell.swift; sourceTree = "<group>"; };
		D4D13BA8269D3A8B00BA2181 /* featuredProductJSON.json */ = {isa = PBXFileReference; lastKnownFileType = text.json; path = featuredProductJSON.json; sourceTree = "<group>"; xcLanguageSpecificationIdentifier = xcode.lang.json; };
		D4D13BAA269D5F1300BA2181 /* Tools.swift */ = {isa = PBXFileReference; lastKnownFileType = sourcecode.swift; path = Tools.swift; sourceTree = "<group>"; };
		D4DCBDA827156BC6004CFA57 /* PaymentCell.swift */ = {isa = PBXFileReference; lastKnownFileType = sourcecode.swift; path = PaymentCell.swift; sourceTree = "<group>"; };
		D4E801BB2624876D001C3CB0 /* Bernina Sew.app */ = {isa = PBXFileReference; explicitFileType = wrapper.application; includeInIndex = 0; path = "Bernina Sew.app"; sourceTree = BUILT_PRODUCTS_DIR; };
		D4E801BE2624876D001C3CB0 /* AppDelegate.swift */ = {isa = PBXFileReference; lastKnownFileType = sourcecode.swift; path = AppDelegate.swift; sourceTree = "<group>"; };
		D4E801C02624876D001C3CB0 /* SceneDelegate.swift */ = {isa = PBXFileReference; lastKnownFileType = sourcecode.swift; path = SceneDelegate.swift; sourceTree = "<group>"; };
		D4E801C22624876D001C3CB0 /* HomeViewController.swift */ = {isa = PBXFileReference; lastKnownFileType = sourcecode.swift; path = HomeViewController.swift; sourceTree = "<group>"; };
		D4E801C52624876D001C3CB0 /* Base */ = {isa = PBXFileReference; lastKnownFileType = file.storyboard; name = Base; path = Base.lproj/Main.storyboard; sourceTree = "<group>"; };
		D4E801CA2624876E001C3CB0 /* Base */ = {isa = PBXFileReference; lastKnownFileType = file.storyboard; name = Base; path = Base.lproj/LaunchScreen.storyboard; sourceTree = "<group>"; };
		D4E801CC2624876E001C3CB0 /* Info.plist */ = {isa = PBXFileReference; lastKnownFileType = text.plist.xml; path = Info.plist; sourceTree = "<group>"; };
		DB8CADBF929918C717535F38 /* Pods-Bernina Sew.debug.xcconfig */ = {isa = PBXFileReference; includeInIndex = 1; lastKnownFileType = text.xcconfig; name = "Pods-Bernina Sew.debug.xcconfig"; path = "Target Support Files/Pods-Bernina Sew/Pods-Bernina Sew.debug.xcconfig"; sourceTree = "<group>"; };
		E19F656D6F84E3B74881F654 /* Pods_Bernina_Sew.framework */ = {isa = PBXFileReference; explicitFileType = wrapper.framework; includeInIndex = 0; path = Pods_Bernina_Sew.framework; sourceTree = BUILT_PRODUCTS_DIR; };
		F928AF6F1140259873ED4BC5 /* Pods-Bernina Sew.release.xcconfig */ = {isa = PBXFileReference; includeInIndex = 1; lastKnownFileType = text.xcconfig; name = "Pods-Bernina Sew.release.xcconfig"; path = "Target Support Files/Pods-Bernina Sew/Pods-Bernina Sew.release.xcconfig"; sourceTree = "<group>"; };
/* End PBXFileReference section */

/* Begin PBXFrameworksBuildPhase section */
		D4E801B82624876D001C3CB0 /* Frameworks */ = {
			isa = PBXFrameworksBuildPhase;
			buildActionMask = 2147483647;
			files = (
				BA07C05B510C906505885AF7 /* Pods_Bernina_Sew.framework in Frameworks */,
			);
			runOnlyForDeploymentPostprocessing = 0;
		};
/* End PBXFrameworksBuildPhase section */

/* Begin PBXGroup section */
		5B576EC08C4EB94A2D698163 /* Frameworks */ = {
			isa = PBXGroup;
			children = (
				E19F656D6F84E3B74881F654 /* Pods_Bernina_Sew.framework */,
			);
			name = Frameworks;
			sourceTree = "<group>";
		};
		D42278AD271729C20077C09D /* Model */ = {
			isa = PBXGroup;
			children = (
				D42278AE27172F590077C09D /* OrderModel.swift */,
			);
			path = Model;
			sourceTree = "<group>";
		};
		D432E72B26EE05C800B9A82B /* Patterns */ = {
			isa = PBXGroup;
			children = (
				D432E72C26EE05EA00B9A82B /* PatternsViewController.swift */,
				D432E72E26EE060900B9A82B /* PatternsListViewController.swift */,
			);
			path = Patterns;
			sourceTree = "<group>";
		};
		D432E73026EE062800B9A82B /* Patterns */ = {
			isa = PBXGroup;
			children = (
				D432E73126EE064100B9A82B /* PatternTableViewCell.swift */,
			);
			path = Patterns;
			sourceTree = "<group>";
		};
		D432E73726EE2B1F00B9A82B /* Model */ = {
			isa = PBXGroup;
			children = (
				D432E73826EE2B3200B9A82B /* BlogModel.swift.swift */,
			);
			path = Model;
			sourceTree = "<group>";
		};
		D432E73C26EE5BC000B9A82B /* View */ = {
			isa = PBXGroup;
			children = (
				D432E73A26EE5BB900B9A82B /* BlogCell.swift */,
			);
			path = View;
			sourceTree = "<group>";
		};
		D46843B4269EE9DC0026E468 /* View */ = {
			isa = PBXGroup;
			children = (
				D4C110C82705A881009C5D68 /* FavCell.swift */,
				D4C53543271193AF005FBA7A /* AddressCell.swift */,
			);
			path = View;
			sourceTree = "<group>";
		};
		D4C110BE270562BD009C5D68 /* Home */ = {
			isa = PBXGroup;
			children = (
				D4E801C22624876D001C3CB0 /* HomeViewController.swift */,
				D49A798A268995BE009F62BD /* TabViewController.swift */,
			);
			path = Home;
			sourceTree = "<group>";
		};
		D4C110C1270580AC009C5D68 /* View */ = {
			isa = PBXGroup;
			children = (
				D4C110C2270580CD009C5D68 /* CartCell.swift */,
				D4DCBDA827156BC6004CFA57 /* PaymentCell.swift */,
				D42278AB2716BC740077C09D /* AddressCollectionCell.swift */,
			);
			path = View;
			sourceTree = "<group>";
		};
		D4C5354027117D88005FBA7A /* Model */ = {
			isa = PBXGroup;
			children = (
				D4C535412711809A005FBA7A /* AddressModel.swift */,
			);
			path = Model;
			sourceTree = "<group>";
		};
		D4C92C552666931F00E3AE2D /* Home */ = {
			isa = PBXGroup;
			children = (
				D4C92C562666932700E3AE2D /* Model */,
				D4C92C572666932D00E3AE2D /* View */,
				D4C92C582666933300E3AE2D /* Controller */,
			);
			path = Home;
			sourceTree = "<group>";
		};
		D4C92C562666932700E3AE2D /* Model */ = {
			isa = PBXGroup;
			children = (
				D4E071BA26CCBA740078C7BF /* Pattern */,
				D4E071B926CCBA650078C7BF /* Product */,
				D4E071B826CCBA4E0078C7BF /* Event */,
			);
			path = Model;
			sourceTree = "<group>";
		};
		D4C92C572666932D00E3AE2D /* View */ = {
			isa = PBXGroup;
			children = (
				D432E73026EE062800B9A82B /* Patterns */,
				D4E071BC26CCBAA90078C7BF /* Product */,
				D4E071BB26CCBA7F0078C7BF /* Event */,
				D46843B726A0162D0026E468 /* CollectionCell.swift */,
			);
			path = View;
			sourceTree = "<group>";
		};
		D4C92C582666933300E3AE2D /* Controller */ = {
			isa = PBXGroup;
			children = (
				D4C110BE270562BD009C5D68 /* Home */,
				D432E72B26EE05C800B9A82B /* Patterns */,
				D4E071BE26CCBAC40078C7BF /* Product */,
				D4E071BD26CCBAB40078C7BF /* Event */,
			);
			path = Controller;
			sourceTree = "<group>";
		};
		D4C92C592666936600E3AE2D /* Profile */ = {
			isa = PBXGroup;
			children = (
				D4C5354027117D88005FBA7A /* Model */,
				D46843B4269EE9DC0026E468 /* View */,
				D4C92C5A2666937900E3AE2D /* Controller */,
			);
			path = Profile;
			sourceTree = "<group>";
		};
		D4C92C5A2666937900E3AE2D /* Controller */ = {
			isa = PBXGroup;
			children = (
				D451ECF9264CDA6C00A17A67 /* ProfileViewController.swift */,
				D46843A9269E8D210026E468 /* AccountViewController.swift */,
				D46843AD269EADB60026E468 /* ChangeUsernameViewController.swift */,
				D46843AB269EAA880026E468 /* ChangePhotoViewController.swift */,
				D4C110B427040EC7009C5D68 /* DesignsViewController.swift */,
				D4C110B627040EDD009C5D68 /* SettingsViewController.swift */,
				D4C110B827040EF5009C5D68 /* MyBookingsViewController.swift */,
				D4C110BA270410A2009C5D68 /* AddressViewController.swift */,
				D4C110BC27041C43009C5D68 /* AboutViewController.swift */,
				D4C110C62705A6AC009C5D68 /* MyFavorietesViewController.swift */,
				D4C5353E27114731005FBA7A /* AddAddressViewController.swift */,
				D42278B02717F4320077C09D /* OrdersViewController.swift */,
			);
			path = Controller;
			sourceTree = "<group>";
		};
		D4C92C5D2666943700E3AE2D /* Member */ = {
			isa = PBXGroup;
			children = (
				D432E73C26EE5BC000B9A82B /* View */,
				D432E73726EE2B1F00B9A82B /* Model */,
				D4C92C5E2666944000E3AE2D /* Controller */,
			);
			path = Member;
			sourceTree = "<group>";
		};
		D4C92C5E2666944000E3AE2D /* Controller */ = {
			isa = PBXGroup;
			children = (
				D43C3BF72635C88500E53768 /* ClubViewController.swift */,
				D43C3BFA2635C89100E53768 /* BlogViewController.swift */,
				D432E73D26EEF0F900B9A82B /* AddPostViewController.swift */,
			);
			path = Controller;
			sourceTree = "<group>";
		};
		D4C92C612666946700E3AE2D /* Shop */ = {
			isa = PBXGroup;
			children = (
				D42278AD271729C20077C09D /* Model */,
				D4C110C1270580AC009C5D68 /* View */,
				D4C92C622666947100E3AE2D /* Controller */,
			);
			path = Shop;
			sourceTree = "<group>";
		};
		D4C92C622666947100E3AE2D /* Controller */ = {
			isa = PBXGroup;
			children = (
				D43C3BF42635C86B00E53768 /* ShopViewController.swift */,
				D4C110BF27056B45009C5D68 /* CartViewController.swift */,
				D4C110C4270598D9009C5D68 /* CheckoutViewController.swift */,
			);
			path = Controller;
			sourceTree = "<group>";
		};
		D4C92C652666948C00E3AE2D /* Design */ = {
			isa = PBXGroup;
			children = (
				D4C92C662666949300E3AE2D /* Controller */,
			);
			path = Design;
			sourceTree = "<group>";
		};
		D4C92C662666949300E3AE2D /* Controller */ = {
			isa = PBXGroup;
			children = (
				D43C3BFD2635C89C00E53768 /* DesignViewController.swift */,
				D4C110B227036852009C5D68 /* SelectProductViewController.swift */,
			);
			path = Controller;
			sourceTree = "<group>";
		};
		D4C92C69266694B800E3AE2D /* Login */ = {
			isa = PBXGroup;
			children = (
				D4C92C6A266694C700E3AE2D /* Controller */,
			);
			path = Login;
			sourceTree = "<group>";
		};
		D4C92C6A266694C700E3AE2D /* Controller */ = {
			isa = PBXGroup;
			children = (
				D43C3BF12635C35200E53768 /* LoginViewController.swift */,
				D47B7109263A752200B0B660 /* SignUpViewController.swift */,
			);
			path = Controller;
			sourceTree = "<group>";
		};
		D4D13BA7269D376C00BA2181 /* Tools */ = {
			isa = PBXGroup;
			children = (
				D49A798C268995FF009F62BD /* K.swift */,
				D4D13BAA269D5F1300BA2181 /* Tools.swift */,
				D46843A7269E83CE0026E468 /* ImagePicker.swift */,
				D46843AF269EC5800026E468 /* CBToast.swift */,
			);
			path = Tools;
			sourceTree = "<group>";
		};
		D4E071B826CCBA4E0078C7BF /* Event */ = {
			isa = PBXGroup;
			children = (
				D451ED11264F8C3A00A17A67 /* Event.swift */,
			);
			path = Event;
			sourceTree = "<group>";
		};
		D4E071B926CCBA650078C7BF /* Product */ = {
			isa = PBXGroup;
			children = (
				D49A79942689B024009F62BD /* Product.swift */,
			);
			path = Product;
			sourceTree = "<group>";
		};
		D4E071BA26CCBA740078C7BF /* Pattern */ = {
			isa = PBXGroup;
			children = (
				D46843A1269D92BB0026E468 /* Pattern.swift */,
			);
			path = Pattern;
			sourceTree = "<group>";
		};
		D4E071BB26CCBA7F0078C7BF /* Event */ = {
			isa = PBXGroup;
			children = (
				D46843B5269EEB8B0026E468 /* EventListCell.swift */,
				D451ED0D264F8BAD00A17A67 /* EventTableViewCell.swift */,
				D451ED0E264F8BAD00A17A67 /* EventTableViewCell.xib */,
			);
			path = Event;
			sourceTree = "<group>";
		};
		D4E071BC26CCBAA90078C7BF /* Product */ = {
			isa = PBXGroup;
			children = (
				D4A3FAE926B2AF0500DC11C4 /* ProductTableViewCell.swift */,
			);
			path = Product;
			sourceTree = "<group>";
		};
		D4E071BD26CCBAB40078C7BF /* Event */ = {
			isa = PBXGroup;
			children = (
				D46843B2269ED3670026E468 /* EventListViewController.swift */,
				D49A79922689AE47009F62BD /* EventViewController.swift */,
			);
			path = Event;
			sourceTree = "<group>";
		};
		D4E071BE26CCBAC40078C7BF /* Product */ = {
			isa = PBXGroup;
			children = (
				D49A79902689AA96009F62BD /* ProductInfoViewController.swift */,
				D49A798E2689AA7C009F62BD /* ProductListViewController.swift */,
			);
			path = Product;
			sourceTree = "<group>";
		};
		D4E071BF26CCBAF80078C7BF /* InputFiles */ = {
			isa = PBXGroup;
			children = (
				D468439F269D90750026E468 /* patternJSON.json */,
				D4D13BA8269D3A8B00BA2181 /* featuredProductJSON.json */,
				D468439D269D757A0026E468 /* eventJSON.json */,
			);
			path = InputFiles;
			sourceTree = "<group>";
		};
		D4E071C026CCBB840078C7BF /* Storyboard */ = {
			isa = PBXGroup;
			children = (
				D4E801C42624876D001C3CB0 /* Main.storyboard */,
				D4E801C92624876E001C3CB0 /* LaunchScreen.storyboard */,
			);
			path = Storyboard;
			sourceTree = "<group>";
		};
		D4E801B22624876D001C3CB0 = {
			isa = PBXGroup;
			children = (
				D468439B269D72610026E468 /* GoogleService-Info.plist */,
				D4E801BD2624876D001C3CB0 /* Bernina Sew */,
				D4E801BC2624876D001C3CB0 /* Products */,
				E31BF7192AA88CD73F84E4CF /* Pods */,
				5B576EC08C4EB94A2D698163 /* Frameworks */,
			);
			sourceTree = "<group>";
		};
		D4E801BC2624876D001C3CB0 /* Products */ = {
			isa = PBXGroup;
			children = (
				D4E801BB2624876D001C3CB0 /* Bernina Sew.app */,
			);
			name = Products;
			sourceTree = "<group>";
		};
		D4E801BD2624876D001C3CB0 /* Bernina Sew */ = {
			isa = PBXGroup;
			children = (
				D46843B926A02F270026E468 /* Assets.xcassets */,
				D46843B1269ED1410026E468 /* GoogleService-Info.plist */,
				D4E071BF26CCBAF80078C7BF /* InputFiles */,
				D4D13BA7269D376C00BA2181 /* Tools */,
				D4E071C026CCBB840078C7BF /* Storyboard */,
				D4C92C69266694B800E3AE2D /* Login */,
				D4C92C652666948C00E3AE2D /* Design */,
				D4C92C612666946700E3AE2D /* Shop */,
				D4C92C5D2666943700E3AE2D /* Member */,
				D4C92C552666931F00E3AE2D /* Home */,
				D4C92C592666936600E3AE2D /* Profile */,
				D4E801BE2624876D001C3CB0 /* AppDelegate.swift */,
				D4E801C02624876D001C3CB0 /* SceneDelegate.swift */,
				D4E801CC2624876E001C3CB0 /* Info.plist */,
			);
			path = "Bernina Sew";
			sourceTree = "<group>";
		};
		E31BF7192AA88CD73F84E4CF /* Pods */ = {
			isa = PBXGroup;
			children = (
				DB8CADBF929918C717535F38 /* Pods-Bernina Sew.debug.xcconfig */,
				F928AF6F1140259873ED4BC5 /* Pods-Bernina Sew.release.xcconfig */,
			);
			path = Pods;
			sourceTree = "<group>";
		};
/* End PBXGroup section */

/* Begin PBXNativeTarget section */
		D4E801BA2624876D001C3CB0 /* Bernina Sew */ = {
			isa = PBXNativeTarget;
			buildConfigurationList = D4E801CF2624876E001C3CB0 /* Build configuration list for PBXNativeTarget "Bernina Sew" */;
			buildPhases = (
				13F31B9EA3AEED09B5F4BBFC /* [CP] Check Pods Manifest.lock */,
				D4E801B72624876D001C3CB0 /* Sources */,
				D4E801B82624876D001C3CB0 /* Frameworks */,
				D4E801B92624876D001C3CB0 /* Resources */,
				76256DD429A989E4EF27EA0E /* [CP] Embed Pods Frameworks */,
			);
			buildRules = (
			);
			dependencies = (
			);
			name = "Bernina Sew";
			productName = "Bernina Sew";
			productReference = D4E801BB2624876D001C3CB0 /* Bernina Sew.app */;
			productType = "com.apple.product-type.application";
		};
/* End PBXNativeTarget section */

/* Begin PBXProject section */
		D4E801B32624876D001C3CB0 /* Project object */ = {
			isa = PBXProject;
			attributes = {
				LastSwiftUpdateCheck = 1240;
				LastUpgradeCheck = 1240;
				TargetAttributes = {
					D4E801BA2624876D001C3CB0 = {
						CreatedOnToolsVersion = 12.4;
					};
				};
			};
			buildConfigurationList = D4E801B62624876D001C3CB0 /* Build configuration list for PBXProject "Bernina Sew" */;
			compatibilityVersion = "Xcode 9.3";
			developmentRegion = en;
			hasScannedForEncodings = 0;
			knownRegions = (
				en,
				Base,
			);
			mainGroup = D4E801B22624876D001C3CB0;
			productRefGroup = D4E801BC2624876D001C3CB0 /* Products */;
			projectDirPath = "";
			projectRoot = "";
			targets = (
				D4E801BA2624876D001C3CB0 /* Bernina Sew */,
			);
		};
/* End PBXProject section */

/* Begin PBXResourcesBuildPhase section */
		D4E801B92624876D001C3CB0 /* Resources */ = {
			isa = PBXResourcesBuildPhase;
			buildActionMask = 2147483647;
			files = (
				D46843A0269D90750026E468 /* patternJSON.json in Resources */,
				D451ED10264F8BAD00A17A67 /* EventTableViewCell.xib in Resources */,
				D4E801CB2624876E001C3CB0 /* LaunchScreen.storyboard in Resources */,
				D468439E269D757A0026E468 /* eventJSON.json in Resources */,
				D4D13BA9269D3A8B00BA2181 /* featuredProductJSON.json in Resources */,
				D4E801C62624876D001C3CB0 /* Main.storyboard in Resources */,
				D46843BA26A02F270026E468 /* Assets.xcassets in Resources */,
				D468439C269D72610026E468 /* GoogleService-Info.plist in Resources */,
			);
			runOnlyForDeploymentPostprocessing = 0;
		};
/* End PBXResourcesBuildPhase section */

/* Begin PBXShellScriptBuildPhase section */
		13F31B9EA3AEED09B5F4BBFC /* [CP] Check Pods Manifest.lock */ = {
			isa = PBXShellScriptBuildPhase;
			buildActionMask = 2147483647;
			files = (
			);
			inputFileListPaths = (
			);
			inputPaths = (
				"${PODS_PODFILE_DIR_PATH}/Podfile.lock",
				"${PODS_ROOT}/Manifest.lock",
			);
			name = "[CP] Check Pods Manifest.lock";
			outputFileListPaths = (
			);
			outputPaths = (
				"$(DERIVED_FILE_DIR)/Pods-Bernina Sew-checkManifestLockResult.txt",
			);
			runOnlyForDeploymentPostprocessing = 0;
			shellPath = /bin/sh;
			shellScript = "diff \"${PODS_PODFILE_DIR_PATH}/Podfile.lock\" \"${PODS_ROOT}/Manifest.lock\" > /dev/null\nif [ $? != 0 ] ; then\n    # print error to STDERR\n    echo \"error: The sandbox is not in sync with the Podfile.lock. Run 'pod install' or update your CocoaPods installation.\" >&2\n    exit 1\nfi\n# This output is used by Xcode 'outputs' to avoid re-running this script phase.\necho \"SUCCESS\" > \"${SCRIPT_OUTPUT_FILE_0}\"\n";
			showEnvVarsInLog = 0;
		};
		76256DD429A989E4EF27EA0E /* [CP] Embed Pods Frameworks */ = {
			isa = PBXShellScriptBuildPhase;
			buildActionMask = 2147483647;
			files = (
			);
			inputFileListPaths = (
				"${PODS_ROOT}/Target Support Files/Pods-Bernina Sew/Pods-Bernina Sew-frameworks-${CONFIGURATION}-input-files.xcfilelist",
			);
			name = "[CP] Embed Pods Frameworks";
			outputFileListPaths = (
				"${PODS_ROOT}/Target Support Files/Pods-Bernina Sew/Pods-Bernina Sew-frameworks-${CONFIGURATION}-output-files.xcfilelist",
			);
			runOnlyForDeploymentPostprocessing = 0;
			shellPath = /bin/sh;
			shellScript = "\"${PODS_ROOT}/Target Support Files/Pods-Bernina Sew/Pods-Bernina Sew-frameworks.sh\"\n";
			showEnvVarsInLog = 0;
		};
/* End PBXShellScriptBuildPhase section */

/* Begin PBXSourcesBuildPhase section */
		D4E801B72624876D001C3CB0 /* Sources */ = {
			isa = PBXSourcesBuildPhase;
			buildActionMask = 2147483647;
			files = (
				D46843B6269EEB8B0026E468 /* EventListCell.swift in Sources */,
				D4E801C32624876D001C3CB0 /* HomeViewController.swift in Sources */,
				D49A798D268995FF009F62BD /* K.swift in Sources */,
				D451ED0F264F8BAD00A17A67 /* EventTableViewCell.swift in Sources */,
				D4E801BF2624876D001C3CB0 /* AppDelegate.swift in Sources */,
				D432E73B26EE5BB900B9A82B /* BlogCell.swift in Sources */,
				D4C110B527040EC7009C5D68 /* DesignsViewController.swift in Sources */,
				D4C110C3270580CD009C5D68 /* CartCell.swift in Sources */,
				D46843B3269ED3670026E468 /* EventListViewController.swift in Sources */,
				D43C3BF82635C88500E53768 /* ClubViewController.swift in Sources */,
				D4DCBDA927156BC6004CFA57 /* PaymentCell.swift in Sources */,
				D49A798B268995BE009F62BD /* TabViewController.swift in Sources */,
				D46843B0269EC5800026E468 /* CBToast.swift in Sources */,
				D42278AF27172F590077C09D /* OrderModel.swift in Sources */,
				D49A79912689AA96009F62BD /* ProductInfoViewController.swift in Sources */,
				D46843B826A0162D0026E468 /* CollectionCell.swift in Sources */,
				D46843A8269E83CE0026E468 /* ImagePicker.swift in Sources */,
				D451ED12264F8C3A00A17A67 /* Event.swift in Sources */,
				D4C110C5270598D9009C5D68 /* CheckoutViewController.swift in Sources */,
				D46843AC269EAA880026E468 /* ChangePhotoViewController.swift in Sources */,
				D4C110C027056B45009C5D68 /* CartViewController.swift in Sources */,
				D4C5353F27114731005FBA7A /* AddAddressViewController.swift in Sources */,
				D4C535422711809A005FBA7A /* AddressModel.swift in Sources */,
				D432E72F26EE060900B9A82B /* PatternsListViewController.swift in Sources */,
				D49A798F2689AA7C009F62BD /* ProductListViewController.swift in Sources */,
				D4C110C92705A881009C5D68 /* FavCell.swift in Sources */,
				D43C3BF52635C86B00E53768 /* ShopViewController.swift in Sources */,
				D4C110BB270410A2009C5D68 /* AddressViewController.swift in Sources */,
				D432E73926EE2B3200B9A82B /* BlogModel.swift.swift in Sources */,
				D46843AE269EADB60026E468 /* ChangeUsernameViewController.swift in Sources */,
				D4A3FAEA26B2AF0500DC11C4 /* ProductTableViewCell.swift in Sources */,
				D43C3BF22635C35200E53768 /* LoginViewController.swift in Sources */,
				D4C110BD27041C43009C5D68 /* AboutViewController.swift in Sources */,
				D4C110B727040EDD009C5D68 /* SettingsViewController.swift in Sources */,
				D49A79952689B024009F62BD /* Product.swift in Sources */,
				D46843A2269D92BB0026E468 /* Pattern.swift in Sources */,
				D42278AC2716BC740077C09D /* AddressCollectionCell.swift in Sources */,
				D42278B12717F4320077C09D /* OrdersViewController.swift in Sources */,
				D4E801C12624876D001C3CB0 /* SceneDelegate.swift in Sources */,
				D432E73226EE064100B9A82B /* PatternTableViewCell.swift in Sources */,
				D4C53544271193AF005FBA7A /* AddressCell.swift in Sources */,
				D4C110C72705A6AC009C5D68 /* MyFavorietesViewController.swift in Sources */,
				D4C110B327036852009C5D68 /* SelectProductViewController.swift in Sources */,
				D451ECFA264CDA6C00A17A67 /* ProfileViewController.swift in Sources */,
				D46843AA269E8D210026E468 /* AccountViewController.swift in Sources */,
				D432E73E26EEF0F900B9A82B /* AddPostViewController.swift in Sources */,
				D47B710A263A752200B0B660 /* SignUpViewController.swift in Sources */,
				D43C3BFE2635C89C00E53768 /* DesignViewController.swift in Sources */,
				D4C110B927040EF5009C5D68 /* MyBookingsViewController.swift in Sources */,
				D432E72D26EE05EA00B9A82B /* PatternsViewController.swift in Sources */,
				D43C3BFB2635C89100E53768 /* BlogViewController.swift in Sources */,
				D49A79932689AE47009F62BD /* EventViewController.swift in Sources */,
				D4D13BAB269D5F1300BA2181 /* Tools.swift in Sources */,
			);
			runOnlyForDeploymentPostprocessing = 0;
		};
/* End PBXSourcesBuildPhase section */

/* Begin PBXVariantGroup section */
		D4E801C42624876D001C3CB0 /* Main.storyboard */ = {
			isa = PBXVariantGroup;
			children = (
				D4E801C52624876D001C3CB0 /* Base */,
			);
			name = Main.storyboard;
			sourceTree = "<group>";
		};
		D4E801C92624876E001C3CB0 /* LaunchScreen.storyboard */ = {
			isa = PBXVariantGroup;
			children = (
				D4E801CA2624876E001C3CB0 /* Base */,
			);
			name = LaunchScreen.storyboard;
			sourceTree = "<group>";
		};
/* End PBXVariantGroup section */

/* Begin XCBuildConfiguration section */
		D4E801CD2624876E001C3CB0 /* Debug */ = {
			isa = XCBuildConfiguration;
			buildSettings = {
				ALWAYS_SEARCH_USER_PATHS = NO;
				CLANG_ANALYZER_NONNULL = YES;
				CLANG_ANALYZER_NUMBER_OBJECT_CONVERSION = YES_AGGRESSIVE;
				CLANG_CXX_LANGUAGE_STANDARD = "gnu++14";
				CLANG_CXX_LIBRARY = "libc++";
				CLANG_ENABLE_MODULES = YES;
				CLANG_ENABLE_OBJC_ARC = YES;
				CLANG_ENABLE_OBJC_WEAK = YES;
				CLANG_WARN_BLOCK_CAPTURE_AUTORELEASING = YES;
				CLANG_WARN_BOOL_CONVERSION = YES;
				CLANG_WARN_COMMA = YES;
				CLANG_WARN_CONSTANT_CONVERSION = YES;
				CLANG_WARN_DEPRECATED_OBJC_IMPLEMENTATIONS = YES;
				CLANG_WARN_DIRECT_OBJC_ISA_USAGE = YES_ERROR;
				CLANG_WARN_DOCUMENTATION_COMMENTS = YES;
				CLANG_WARN_EMPTY_BODY = YES;
				CLANG_WARN_ENUM_CONVERSION = YES;
				CLANG_WARN_INFINITE_RECURSION = YES;
				CLANG_WARN_INT_CONVERSION = YES;
				CLANG_WARN_NON_LITERAL_NULL_CONVERSION = YES;
				CLANG_WARN_OBJC_IMPLICIT_RETAIN_SELF = YES;
				CLANG_WARN_OBJC_LITERAL_CONVERSION = YES;
				CLANG_WARN_OBJC_ROOT_CLASS = YES_ERROR;
				CLANG_WARN_QUOTED_INCLUDE_IN_FRAMEWORK_HEADER = YES;
				CLANG_WARN_RANGE_LOOP_ANALYSIS = YES;
				CLANG_WARN_STRICT_PROTOTYPES = YES;
				CLANG_WARN_SUSPICIOUS_MOVE = YES;
				CLANG_WARN_UNGUARDED_AVAILABILITY = YES_AGGRESSIVE;
				CLANG_WARN_UNREACHABLE_CODE = YES;
				CLANG_WARN__DUPLICATE_METHOD_MATCH = YES;
				COPY_PHASE_STRIP = NO;
				DEBUG_INFORMATION_FORMAT = dwarf;
				ENABLE_STRICT_OBJC_MSGSEND = YES;
				ENABLE_TESTABILITY = YES;
				GCC_C_LANGUAGE_STANDARD = gnu11;
				GCC_DYNAMIC_NO_PIC = NO;
				GCC_NO_COMMON_BLOCKS = YES;
				GCC_OPTIMIZATION_LEVEL = 0;
				GCC_PREPROCESSOR_DEFINITIONS = (
					"DEBUG=1",
					"$(inherited)",
				);
				GCC_WARN_64_TO_32_BIT_CONVERSION = YES;
				GCC_WARN_ABOUT_RETURN_TYPE = YES_ERROR;
				GCC_WARN_UNDECLARED_SELECTOR = YES;
				GCC_WARN_UNINITIALIZED_AUTOS = YES_AGGRESSIVE;
				GCC_WARN_UNUSED_FUNCTION = YES;
				GCC_WARN_UNUSED_VARIABLE = YES;
				IPHONEOS_DEPLOYMENT_TARGET = 14.4;
				MTL_ENABLE_DEBUG_INFO = INCLUDE_SOURCE;
				MTL_FAST_MATH = YES;
				ONLY_ACTIVE_ARCH = YES;
				SDKROOT = iphoneos;
				SWIFT_ACTIVE_COMPILATION_CONDITIONS = DEBUG;
				SWIFT_OPTIMIZATION_LEVEL = "-Onone";
			};
			name = Debug;
		};
		D4E801CE2624876E001C3CB0 /* Release */ = {
			isa = XCBuildConfiguration;
			buildSettings = {
				ALWAYS_SEARCH_USER_PATHS = NO;
				CLANG_ANALYZER_NONNULL = YES;
				CLANG_ANALYZER_NUMBER_OBJECT_CONVERSION = YES_AGGRESSIVE;
				CLANG_CXX_LANGUAGE_STANDARD = "gnu++14";
				CLANG_CXX_LIBRARY = "libc++";
				CLANG_ENABLE_MODULES = YES;
				CLANG_ENABLE_OBJC_ARC = YES;
				CLANG_ENABLE_OBJC_WEAK = YES;
				CLANG_WARN_BLOCK_CAPTURE_AUTORELEASING = YES;
				CLANG_WARN_BOOL_CONVERSION = YES;
				CLANG_WARN_COMMA = YES;
				CLANG_WARN_CONSTANT_CONVERSION = YES;
				CLANG_WARN_DEPRECATED_OBJC_IMPLEMENTATIONS = YES;
				CLANG_WARN_DIRECT_OBJC_ISA_USAGE = YES_ERROR;
				CLANG_WARN_DOCUMENTATION_COMMENTS = YES;
				CLANG_WARN_EMPTY_BODY = YES;
				CLANG_WARN_ENUM_CONVERSION = YES;
				CLANG_WARN_INFINITE_RECURSION = YES;
				CLANG_WARN_INT_CONVERSION = YES;
				CLANG_WARN_NON_LITERAL_NULL_CONVERSION = YES;
				CLANG_WARN_OBJC_IMPLICIT_RETAIN_SELF = YES;
				CLANG_WARN_OBJC_LITERAL_CONVERSION = YES;
				CLANG_WARN_OBJC_ROOT_CLASS = YES_ERROR;
				CLANG_WARN_QUOTED_INCLUDE_IN_FRAMEWORK_HEADER = YES;
				CLANG_WARN_RANGE_LOOP_ANALYSIS = YES;
				CLANG_WARN_STRICT_PROTOTYPES = YES;
				CLANG_WARN_SUSPICIOUS_MOVE = YES;
				CLANG_WARN_UNGUARDED_AVAILABILITY = YES_AGGRESSIVE;
				CLANG_WARN_UNREACHABLE_CODE = YES;
				CLANG_WARN__DUPLICATE_METHOD_MATCH = YES;
				COPY_PHASE_STRIP = NO;
				DEBUG_INFORMATION_FORMAT = "dwarf-with-dsym";
				ENABLE_NS_ASSERTIONS = NO;
				ENABLE_STRICT_OBJC_MSGSEND = YES;
				GCC_C_LANGUAGE_STANDARD = gnu11;
				GCC_NO_COMMON_BLOCKS = YES;
				GCC_WARN_64_TO_32_BIT_CONVERSION = YES;
				GCC_WARN_ABOUT_RETURN_TYPE = YES_ERROR;
				GCC_WARN_UNDECLARED_SELECTOR = YES;
				GCC_WARN_UNINITIALIZED_AUTOS = YES_AGGRESSIVE;
				GCC_WARN_UNUSED_FUNCTION = YES;
				GCC_WARN_UNUSED_VARIABLE = YES;
				IPHONEOS_DEPLOYMENT_TARGET = 14.4;
				MTL_ENABLE_DEBUG_INFO = NO;
				MTL_FAST_MATH = YES;
				SDKROOT = iphoneos;
				SWIFT_COMPILATION_MODE = wholemodule;
				SWIFT_OPTIMIZATION_LEVEL = "-O";
				VALIDATE_PRODUCT = YES;
			};
			name = Release;
		};
		D4E801D02624876E001C3CB0 /* Debug */ = {
			isa = XCBuildConfiguration;
			baseConfigurationReference = DB8CADBF929918C717535F38 /* Pods-Bernina Sew.debug.xcconfig */;
			buildSettings = {
				ASSETCATALOG_COMPILER_APPICON_NAME = AppIcon;
				ASSETCATALOG_COMPILER_GLOBAL_ACCENT_COLOR_NAME = AccentColor;
				CODE_SIGN_STYLE = Automatic;
				DEVELOPMENT_TEAM = AJD7NPWNRX;
				INFOPLIST_FILE = "Bernina Sew/Info.plist";
				IPHONEOS_DEPLOYMENT_TARGET = 13.0;
				LD_RUNPATH_SEARCH_PATHS = (
					"$(inherited)",
					"@executable_path/Frameworks",
				);
				PRODUCT_BUNDLE_IDENTIFIER = "com.lunarian.Bernina-Sew";
				PRODUCT_NAME = "$(TARGET_NAME)";
				SWIFT_VERSION = 5.0;
				TARGETED_DEVICE_FAMILY = 1;
			};
			name = Debug;
		};
		D4E801D12624876E001C3CB0 /* Release */ = {
			isa = XCBuildConfiguration;
			baseConfigurationReference = F928AF6F1140259873ED4BC5 /* Pods-Bernina Sew.release.xcconfig */;
			buildSettings = {
				ASSETCATALOG_COMPILER_APPICON_NAME = AppIcon;
				ASSETCATALOG_COMPILER_GLOBAL_ACCENT_COLOR_NAME = AccentColor;
				CODE_SIGN_STYLE = Automatic;
				DEVELOPMENT_TEAM = AJD7NPWNRX;
				INFOPLIST_FILE = "Bernina Sew/Info.plist";
				IPHONEOS_DEPLOYMENT_TARGET = 13.0;
				LD_RUNPATH_SEARCH_PATHS = (
					"$(inherited)",
					"@executable_path/Frameworks",
				);
				PRODUCT_BUNDLE_IDENTIFIER = "com.lunarian.Bernina-Sew";
				PRODUCT_NAME = "$(TARGET_NAME)";
				SWIFT_VERSION = 5.0;
				TARGETED_DEVICE_FAMILY = 1;
			};
			name = Release;
		};
/* End XCBuildConfiguration section */

/* Begin XCConfigurationList section */
		D4E801B62624876D001C3CB0 /* Build configuration list for PBXProject "Bernina Sew" */ = {
			isa = XCConfigurationList;
			buildConfigurations = (
				D4E801CD2624876E001C3CB0 /* Debug */,
				D4E801CE2624876E001C3CB0 /* Release */,
			);
			defaultConfigurationIsVisible = 0;
			defaultConfigurationName = Release;
		};
		D4E801CF2624876E001C3CB0 /* Build configuration list for PBXNativeTarget "Bernina Sew" */ = {
			isa = XCConfigurationList;
			buildConfigurations = (
				D4E801D02624876E001C3CB0 /* Debug */,
				D4E801D12624876E001C3CB0 /* Release */,
			);
			defaultConfigurationIsVisible = 0;
			defaultConfigurationName = Release;
		};
/* End XCConfigurationList section */
	};
	rootObject = D4E801B32624876D001C3CB0 /* Project object */;
}
